<?xml version="1.0" encoding="utf-8"?>
<Project ToolsVersion="4.0" xmlns="http://schemas.microsoft.com/developer/msbuild/2003">
  <ItemGroup>
    <None Include="macro.props" />
    <None Include="temp.dat" />
  </ItemGroup>
  <ItemGroup>
    <ClCompile Include="pch.cpp" />
    <ClCompile Include="실험용.cpp" />
    <ClCompile Include="Util\FileStream.cpp" />
    <ClCompile Include="Util\FileSystem.cpp" />
    <ClCompile Include="Util\Timer.cpp" />
  </ItemGroup>
  <ItemGroup>
    <ClInclude Include="pch.h" />
    <ClInclude Include="Util\FileStream.h" />
    <ClInclude Include="Util\FileSystem.h" />
    <ClInclude Include="Util\Timer.h" />
    <ClInclude Include="Util\Math_Helper.h" />
    <ClInclude Include="Data\Enum.h" />
  </ItemGroup>
</Project>